
Microsoft Visual Studio Solution File, Format Version 12.00
# Visual Studio Version 16
VisualStudioVersion = 16.0.29728.190
MinimumVisualStudioVersion = 10.0.40219.1
Project("{9A19103F-16F7-4668-BE54-9A1E7A4F7556}") = "HiveOnline", "HiveOnline\HiveOnline.csproj", "{99FF87C3-9476-45A7-9730-772EFD2AA170}"
EndProject
Project("{9A19103F-16F7-4668-BE54-9A1E7A4F7556}") = "HiveGraphics", "HiveGraphics\HiveGraphics.csproj", "{D347C3AC-29BD-486F-9F76-43110F64B40C}"
EndProject
Project("{9A19103F-16F7-4668-BE54-9A1E7A4F7556}") = "HiveClient", "HiveClient\HiveClient.csproj", "{9A1C7BEA-1C57-4FFD-97F0-648FF6213197}"
EndProject
Project("{9A19103F-16F7-4668-BE54-9A1E7A4F7556}") = "HiveServer", "HiveServer\HiveServer.csproj", "{63BB2485-5C51-41D4-A81C-AE27A28E702E}"
EndProject
Project("{2150E333-8FDC-42A3-9474-1A3956D46DE8}") = "Networking", "Networking", "{0227E8D3-8CDF-4CEE-B585-804DDDD255B2}"
EndProject
Project("{9A19103F-16F7-4668-BE54-9A1E7A4F7556}") = "HiveContracts", "HiveContracts\HiveContracts.csproj", "{E450853D-9CF0-433E-94B6-331623F0DBB9}"
EndProject
Project("{FAE04EC0-301F-11D3-BF4B-00C04F79EFBC}") = "HiveLib", "HiveLib\HiveLib.csproj", "{6BD44ECC-A704-4136-95C8-94AD89353D8E}"
EndProject
Global
	GlobalSection(SolutionConfigurationPlatforms) = preSolution
		Debug|Any CPU = Debug|Any CPU
		Release|Any CPU = Release|Any CPU
	EndGlobalSection
	GlobalSection(ProjectConfigurationPlatforms) = postSolution
		{99FF87C3-9476-45A7-9730-772EFD2AA170}.Debug|Any CPU.ActiveCfg = Debug|Any CPU
		{99FF87C3-9476-45A7-9730-772EFD2AA170}.Debug|Any CPU.Build.0 = Debug|Any CPU
		{99FF87C3-9476-45A7-9730-772EFD2AA170}.Release|Any CPU.ActiveCfg = Release|Any CPU
		{99FF87C3-9476-45A7-9730-772EFD2AA170}.Release|Any CPU.Build.0 = Release|Any CPU
		{D347C3AC-29BD-486F-9F76-43110F64B40C}.Debug|Any CPU.ActiveCfg = Debug|Any CPU
		{D347C3AC-29BD-486F-9F76-43110F64B40C}.Debug|Any CPU.Build.0 = Debug|Any CPU
		{D347C3AC-29BD-486F-9F76-43110F64B40C}.Release|Any CPU.ActiveCfg = Release|Any CPU
		{D347C3AC-29BD-486F-9F76-43110F64B40C}.Release|Any CPU.Build.0 = Release|Any CPU
		{9A1C7BEA-1C57-4FFD-97F0-648FF6213197}.Debug|Any CPU.ActiveCfg = Debug|Any CPU
		{9A1C7BEA-1C57-4FFD-97F0-648FF6213197}.Debug|Any CPU.Build.0 = Debug|Any CPU
		{9A1C7BEA-1C57-4FFD-97F0-648FF6213197}.Release|Any CPU.ActiveCfg = Release|Any CPU
		{9A1C7BEA-1C57-4FFD-97F0-648FF6213197}.Release|Any CPU.Build.0 = Release|Any CPU
		{63BB2485-5C51-41D4-A81C-AE27A28E702E}.Debug|Any CPU.ActiveCfg = Debug|Any CPU
		{63BB2485-5C51-41D4-A81C-AE27A28E702E}.Debug|Any CPU.Build.0 = Debug|Any CPU
		{63BB2485-5C51-41D4-A81C-AE27A28E702E}.Release|Any CPU.ActiveCfg = Release|Any CPU
		{63BB2485-5C51-41D4-A81C-AE27A28E702E}.Release|Any CPU.Build.0 = Release|Any CPU
		{E450853D-9CF0-433E-94B6-331623F0DBB9}.Debug|Any CPU.ActiveCfg = Debug|Any CPU
		{E450853D-9CF0-433E-94B6-331623F0DBB9}.Debug|Any CPU.Build.0 = Debug|Any CPU
		{E450853D-9CF0-433E-94B6-331623F0DBB9}.Release|Any CPU.ActiveCfg = Release|Any CPU
		{E450853D-9CF0-433E-94B6-331623F0DBB9}.Release|Any CPU.Build.0 = Release|Any CPU
		{6BD44ECC-A704-4136-95C8-94AD89353D8E}.Debug|Any CPU.ActiveCfg = Debug|Any CPU
		{6BD44ECC-A704-4136-95C8-94AD89353D8E}.Debug|Any CPU.Build.0 = Debug|Any CPU
		{6BD44ECC-A704-4136-95C8-94AD89353D8E}.Release|Any CPU.ActiveCfg = Release|Any CPU
		{6BD44ECC-A704-4136-95C8-94AD89353D8E}.Release|Any CPU.Build.0 = Release|Any CPU
	EndGlobalSection
	GlobalSection(SolutionProperties) = preSolution
		HideSolutionNode = FALSE
	EndGlobalSection
	GlobalSection(NestedProjects) = preSolution
		{9A1C7BEA-1C57-4FFD-97F0-648FF6213197} = {0227E8D3-8CDF-4CEE-B585-804DDDD255B2}
		{63BB2485-5C51-41D4-A81C-AE27A28E702E} = {0227E8D3-8CDF-4CEE-B585-804DDDD255B2}
		{E450853D-9CF0-433E-94B6-331623F0DBB9} = {0227E8D3-8CDF-4CEE-B585-804DDDD255B2}
	EndGlobalSection
	GlobalSection(ExtensibilityGlobals) = postSolution
		SolutionGuid = {D9AD235B-72E5-4A39-8DB0-45A11C114B62}
	EndGlobalSection
EndGlobal
