
Microsoft Visual Studio Solution File, Format Version 12.00
# Visual Studio Version 17
VisualStudioVersion = 17.8.34511.84
MinimumVisualStudioVersion = 10.0.40219.1
Project("{9A19103F-16F7-4668-BE54-9A1E7A4F7556}") = "HiveOnline", "HiveOnline\HiveOnline.csproj", "{99FF87C3-9476-45A7-9730-772EFD2AA170}"
EndProject
Project("{9A19103F-16F7-4668-BE54-9A1E7A4F7556}") = "HiveGraphics", "HiveGraphics\HiveGraphics.csproj", "{D347C3AC-29BD-486F-9F76-43110F64B40C}"
EndProject
Project("{9A19103F-16F7-4668-BE54-9A1E7A4F7556}") = "HiveClient", "HiveClient\HiveClient.csproj", "{9A1C7BEA-1C57-4FFD-97F0-648FF6213197}"
EndProject
Project("{9A19103F-16F7-4668-BE54-9A1E7A4F7556}") = "HiveServer", "HiveServer\HiveServer.csproj", "{63BB2485-5C51-41D4-A81C-AE27A28E702E}"
EndProject
Project("{2150E333-8FDC-42A3-9474-1A3956D46DE8}") = "Networking", "Networking", "{0227E8D3-8CDF-4CEE-B585-804DDDD255B2}"
EndProject
Project("{9A19103F-16F7-4668-BE54-9A1E7A4F7556}") = "HiveContracts", "HiveContracts\HiveContracts.csproj", "{E450853D-9CF0-433E-94B6-331623F0DBB9}"
EndProject
Project("{9A19103F-16F7-4668-BE54-9A1E7A4F7556}") = "HiveLib", "HiveLib\HiveLib.csproj", "{6BD44ECC-A704-4136-95C8-94AD89353D8E}"
EndProject
Project("{2150E333-8FDC-42A3-9474-1A3956D46DE8}") = "Tests", "Tests", "{3F21B325-0179-4140-9F0D-B25D815AB876}"
EndProject
Project("{2150E333-8FDC-42A3-9474-1A3956D46DE8}") = "Game", "Game", "{589E866E-481B-4FE5-BC14-E4A83EA46190}"
EndProject
Project("{9A19103F-16F7-4668-BE54-9A1E7A4F7556}") = "HiveClientTest", "NetworkingTest\HiveClientTest.csproj", "{EE206B54-FCC1-4CDC-8D4D-5B9C8C01D46F}"
EndProject
Project("{FAE04EC0-301F-11D3-BF4B-00C04F79EFBC}") = "HiveServerTest", "HiveServerTest\HiveServerTest.csproj", "{5C22BE29-92B1-4494-94EC-1A89C25C18B5}"
EndProject
Global
	GlobalSection(SolutionConfigurationPlatforms) = preSolution
		Debug|Any CPU = Debug|Any CPU
		Debug|x64 = Debug|x64
		Debug|x86 = Debug|x86
		Release|Any CPU = Release|Any CPU
		Release|x64 = Release|x64
		Release|x86 = Release|x86
	EndGlobalSection
	GlobalSection(ProjectConfigurationPlatforms) = postSolution
		{99FF87C3-9476-45A7-9730-772EFD2AA170}.Debug|Any CPU.ActiveCfg = Debug|Any CPU
		{99FF87C3-9476-45A7-9730-772EFD2AA170}.Debug|Any CPU.Build.0 = Debug|Any CPU
		{99FF87C3-9476-45A7-9730-772EFD2AA170}.Debug|x64.ActiveCfg = Debug|Any CPU
		{99FF87C3-9476-45A7-9730-772EFD2AA170}.Debug|x64.Build.0 = Debug|Any CPU
		{99FF87C3-9476-45A7-9730-772EFD2AA170}.Debug|x86.ActiveCfg = Debug|Any CPU
		{99FF87C3-9476-45A7-9730-772EFD2AA170}.Debug|x86.Build.0 = Debug|Any CPU
		{99FF87C3-9476-45A7-9730-772EFD2AA170}.Release|Any CPU.ActiveCfg = Release|Any CPU
		{99FF87C3-9476-45A7-9730-772EFD2AA170}.Release|Any CPU.Build.0 = Release|Any CPU
		{99FF87C3-9476-45A7-9730-772EFD2AA170}.Release|x64.ActiveCfg = Release|Any CPU
		{99FF87C3-9476-45A7-9730-772EFD2AA170}.Release|x64.Build.0 = Release|Any CPU
		{99FF87C3-9476-45A7-9730-772EFD2AA170}.Release|x86.ActiveCfg = Release|Any CPU
		{99FF87C3-9476-45A7-9730-772EFD2AA170}.Release|x86.Build.0 = Release|Any CPU
		{D347C3AC-29BD-486F-9F76-43110F64B40C}.Debug|Any CPU.ActiveCfg = Debug|Any CPU
		{D347C3AC-29BD-486F-9F76-43110F64B40C}.Debug|Any CPU.Build.0 = Debug|Any CPU
		{D347C3AC-29BD-486F-9F76-43110F64B40C}.Debug|x64.ActiveCfg = Debug|Any CPU
		{D347C3AC-29BD-486F-9F76-43110F64B40C}.Debug|x64.Build.0 = Debug|Any CPU
		{D347C3AC-29BD-486F-9F76-43110F64B40C}.Debug|x86.ActiveCfg = Debug|Any CPU
		{D347C3AC-29BD-486F-9F76-43110F64B40C}.Debug|x86.Build.0 = Debug|Any CPU
		{D347C3AC-29BD-486F-9F76-43110F64B40C}.Release|Any CPU.ActiveCfg = Release|Any CPU
		{D347C3AC-29BD-486F-9F76-43110F64B40C}.Release|Any CPU.Build.0 = Release|Any CPU
		{D347C3AC-29BD-486F-9F76-43110F64B40C}.Release|x64.ActiveCfg = Release|Any CPU
		{D347C3AC-29BD-486F-9F76-43110F64B40C}.Release|x64.Build.0 = Release|Any CPU
		{D347C3AC-29BD-486F-9F76-43110F64B40C}.Release|x86.ActiveCfg = Release|Any CPU
		{D347C3AC-29BD-486F-9F76-43110F64B40C}.Release|x86.Build.0 = Release|Any CPU
		{9A1C7BEA-1C57-4FFD-97F0-648FF6213197}.Debug|Any CPU.ActiveCfg = Debug|Any CPU
		{9A1C7BEA-1C57-4FFD-97F0-648FF6213197}.Debug|Any CPU.Build.0 = Debug|Any CPU
		{9A1C7BEA-1C57-4FFD-97F0-648FF6213197}.Debug|x64.ActiveCfg = Debug|Any CPU
		{9A1C7BEA-1C57-4FFD-97F0-648FF6213197}.Debug|x64.Build.0 = Debug|Any CPU
		{9A1C7BEA-1C57-4FFD-97F0-648FF6213197}.Debug|x86.ActiveCfg = Debug|Any CPU
		{9A1C7BEA-1C57-4FFD-97F0-648FF6213197}.Debug|x86.Build.0 = Debug|Any CPU
		{9A1C7BEA-1C57-4FFD-97F0-648FF6213197}.Release|Any CPU.ActiveCfg = Release|Any CPU
		{9A1C7BEA-1C57-4FFD-97F0-648FF6213197}.Release|Any CPU.Build.0 = Release|Any CPU
		{9A1C7BEA-1C57-4FFD-97F0-648FF6213197}.Release|x64.ActiveCfg = Release|Any CPU
		{9A1C7BEA-1C57-4FFD-97F0-648FF6213197}.Release|x64.Build.0 = Release|Any CPU
		{9A1C7BEA-1C57-4FFD-97F0-648FF6213197}.Release|x86.ActiveCfg = Release|Any CPU
		{9A1C7BEA-1C57-4FFD-97F0-648FF6213197}.Release|x86.Build.0 = Release|Any CPU
		{63BB2485-5C51-41D4-A81C-AE27A28E702E}.Debug|Any CPU.ActiveCfg = Debug|Any CPU
		{63BB2485-5C51-41D4-A81C-AE27A28E702E}.Debug|Any CPU.Build.0 = Debug|Any CPU
		{63BB2485-5C51-41D4-A81C-AE27A28E702E}.Debug|x64.ActiveCfg = Debug|Any CPU
		{63BB2485-5C51-41D4-A81C-AE27A28E702E}.Debug|x64.Build.0 = Debug|Any CPU
		{63BB2485-5C51-41D4-A81C-AE27A28E702E}.Debug|x86.ActiveCfg = Debug|Any CPU
		{63BB2485-5C51-41D4-A81C-AE27A28E702E}.Debug|x86.Build.0 = Debug|Any CPU
		{63BB2485-5C51-41D4-A81C-AE27A28E702E}.Release|Any CPU.ActiveCfg = Release|Any CPU
		{63BB2485-5C51-41D4-A81C-AE27A28E702E}.Release|Any CPU.Build.0 = Release|Any CPU
		{63BB2485-5C51-41D4-A81C-AE27A28E702E}.Release|x64.ActiveCfg = Release|Any CPU
		{63BB2485-5C51-41D4-A81C-AE27A28E702E}.Release|x64.Build.0 = Release|Any CPU
		{63BB2485-5C51-41D4-A81C-AE27A28E702E}.Release|x86.ActiveCfg = Release|Any CPU
		{63BB2485-5C51-41D4-A81C-AE27A28E702E}.Release|x86.Build.0 = Release|Any CPU
		{E450853D-9CF0-433E-94B6-331623F0DBB9}.Debug|Any CPU.ActiveCfg = Debug|Any CPU
		{E450853D-9CF0-433E-94B6-331623F0DBB9}.Debug|Any CPU.Build.0 = Debug|Any CPU
		{E450853D-9CF0-433E-94B6-331623F0DBB9}.Debug|x64.ActiveCfg = Debug|Any CPU
		{E450853D-9CF0-433E-94B6-331623F0DBB9}.Debug|x64.Build.0 = Debug|Any CPU
		{E450853D-9CF0-433E-94B6-331623F0DBB9}.Debug|x86.ActiveCfg = Debug|Any CPU
		{E450853D-9CF0-433E-94B6-331623F0DBB9}.Debug|x86.Build.0 = Debug|Any CPU
		{E450853D-9CF0-433E-94B6-331623F0DBB9}.Release|Any CPU.ActiveCfg = Release|Any CPU
		{E450853D-9CF0-433E-94B6-331623F0DBB9}.Release|Any CPU.Build.0 = Release|Any CPU
		{E450853D-9CF0-433E-94B6-331623F0DBB9}.Release|x64.ActiveCfg = Release|Any CPU
		{E450853D-9CF0-433E-94B6-331623F0DBB9}.Release|x64.Build.0 = Release|Any CPU
		{E450853D-9CF0-433E-94B6-331623F0DBB9}.Release|x86.ActiveCfg = Release|Any CPU
		{E450853D-9CF0-433E-94B6-331623F0DBB9}.Release|x86.Build.0 = Release|Any CPU
		{6BD44ECC-A704-4136-95C8-94AD89353D8E}.Debug|Any CPU.ActiveCfg = Debug|Any CPU
		{6BD44ECC-A704-4136-95C8-94AD89353D8E}.Debug|Any CPU.Build.0 = Debug|Any CPU
		{6BD44ECC-A704-4136-95C8-94AD89353D8E}.Debug|x64.ActiveCfg = Debug|Any CPU
		{6BD44ECC-A704-4136-95C8-94AD89353D8E}.Debug|x64.Build.0 = Debug|Any CPU
		{6BD44ECC-A704-4136-95C8-94AD89353D8E}.Debug|x86.ActiveCfg = Debug|Any CPU
		{6BD44ECC-A704-4136-95C8-94AD89353D8E}.Debug|x86.Build.0 = Debug|Any CPU
		{6BD44ECC-A704-4136-95C8-94AD89353D8E}.Release|Any CPU.ActiveCfg = Release|Any CPU
		{6BD44ECC-A704-4136-95C8-94AD89353D8E}.Release|Any CPU.Build.0 = Release|Any CPU
		{6BD44ECC-A704-4136-95C8-94AD89353D8E}.Release|x64.ActiveCfg = Release|Any CPU
		{6BD44ECC-A704-4136-95C8-94AD89353D8E}.Release|x64.Build.0 = Release|Any CPU
		{6BD44ECC-A704-4136-95C8-94AD89353D8E}.Release|x86.ActiveCfg = Release|Any CPU
		{6BD44ECC-A704-4136-95C8-94AD89353D8E}.Release|x86.Build.0 = Release|Any CPU
		{EE206B54-FCC1-4CDC-8D4D-5B9C8C01D46F}.Debug|Any CPU.ActiveCfg = Debug|Any CPU
		{EE206B54-FCC1-4CDC-8D4D-5B9C8C01D46F}.Debug|Any CPU.Build.0 = Debug|Any CPU
		{EE206B54-FCC1-4CDC-8D4D-5B9C8C01D46F}.Debug|x64.ActiveCfg = Debug|Any CPU
		{EE206B54-FCC1-4CDC-8D4D-5B9C8C01D46F}.Debug|x64.Build.0 = Debug|Any CPU
		{EE206B54-FCC1-4CDC-8D4D-5B9C8C01D46F}.Debug|x86.ActiveCfg = Debug|Any CPU
		{EE206B54-FCC1-4CDC-8D4D-5B9C8C01D46F}.Debug|x86.Build.0 = Debug|Any CPU
		{EE206B54-FCC1-4CDC-8D4D-5B9C8C01D46F}.Release|Any CPU.ActiveCfg = Release|Any CPU
		{EE206B54-FCC1-4CDC-8D4D-5B9C8C01D46F}.Release|Any CPU.Build.0 = Release|Any CPU
		{EE206B54-FCC1-4CDC-8D4D-5B9C8C01D46F}.Release|x64.ActiveCfg = Release|Any CPU
		{EE206B54-FCC1-4CDC-8D4D-5B9C8C01D46F}.Release|x64.Build.0 = Release|Any CPU
		{EE206B54-FCC1-4CDC-8D4D-5B9C8C01D46F}.Release|x86.ActiveCfg = Release|Any CPU
		{EE206B54-FCC1-4CDC-8D4D-5B9C8C01D46F}.Release|x86.Build.0 = Release|Any CPU
		{5C22BE29-92B1-4494-94EC-1A89C25C18B5}.Debug|Any CPU.ActiveCfg = Debug|Any CPU
		{5C22BE29-92B1-4494-94EC-1A89C25C18B5}.Debug|Any CPU.Build.0 = Debug|Any CPU
		{5C22BE29-92B1-4494-94EC-1A89C25C18B5}.Debug|x64.ActiveCfg = Debug|Any CPU
		{5C22BE29-92B1-4494-94EC-1A89C25C18B5}.Debug|x64.Build.0 = Debug|Any CPU
		{5C22BE29-92B1-4494-94EC-1A89C25C18B5}.Debug|x86.ActiveCfg = Debug|Any CPU
		{5C22BE29-92B1-4494-94EC-1A89C25C18B5}.Debug|x86.Build.0 = Debug|Any CPU
		{5C22BE29-92B1-4494-94EC-1A89C25C18B5}.Release|Any CPU.ActiveCfg = Release|Any CPU
		{5C22BE29-92B1-4494-94EC-1A89C25C18B5}.Release|Any CPU.Build.0 = Release|Any CPU
		{5C22BE29-92B1-4494-94EC-1A89C25C18B5}.Release|x64.ActiveCfg = Release|Any CPU
		{5C22BE29-92B1-4494-94EC-1A89C25C18B5}.Release|x64.Build.0 = Release|Any CPU
		{5C22BE29-92B1-4494-94EC-1A89C25C18B5}.Release|x86.ActiveCfg = Release|Any CPU
		{5C22BE29-92B1-4494-94EC-1A89C25C18B5}.Release|x86.Build.0 = Release|Any CPU
	EndGlobalSection
	GlobalSection(SolutionProperties) = preSolution
		HideSolutionNode = FALSE
	EndGlobalSection
	GlobalSection(NestedProjects) = preSolution
		{99FF87C3-9476-45A7-9730-772EFD2AA170} = {589E866E-481B-4FE5-BC14-E4A83EA46190}
		{D347C3AC-29BD-486F-9F76-43110F64B40C} = {589E866E-481B-4FE5-BC14-E4A83EA46190}
		{9A1C7BEA-1C57-4FFD-97F0-648FF6213197} = {0227E8D3-8CDF-4CEE-B585-804DDDD255B2}
		{63BB2485-5C51-41D4-A81C-AE27A28E702E} = {0227E8D3-8CDF-4CEE-B585-804DDDD255B2}
		{E450853D-9CF0-433E-94B6-331623F0DBB9} = {0227E8D3-8CDF-4CEE-B585-804DDDD255B2}
		{6BD44ECC-A704-4136-95C8-94AD89353D8E} = {589E866E-481B-4FE5-BC14-E4A83EA46190}
		{EE206B54-FCC1-4CDC-8D4D-5B9C8C01D46F} = {3F21B325-0179-4140-9F0D-B25D815AB876}
		{5C22BE29-92B1-4494-94EC-1A89C25C18B5} = {3F21B325-0179-4140-9F0D-B25D815AB876}
	EndGlobalSection
	GlobalSection(ExtensibilityGlobals) = postSolution
		SolutionGuid = {D9AD235B-72E5-4A39-8DB0-45A11C114B62}
	EndGlobalSection
EndGlobal
